
Microsoft Visual Studio Solution File, Format Version 12.00
# Visual Studio Version 17
VisualStudioVersion = 17.1.32421.90
MinimumVisualStudioVersion = 10.0.40219.1
Project("{54A90642-561A-4BB1-A94E-469ADEE60C69}") = "ShopIt", "ShopIt\ShopIt.esproj", "{0AFE0CD9-F617-43E3-BB2C-05029C34B01C}"
EndProject
Project("{9A19103F-16F7-4668-BE54-9A1E7A4F7556}") = "ShopItBackend", "ShopItBackend\ShopItBackend.csproj", "{3F622727-690E-4040-B755-E54583D8778E}"
EndProject
Project("{FAE04EC0-301F-11D3-BF4B-00C04F79EFBC}") = "ShopItTest", "ShopItTest\ShopItTest.csproj", "{77E35F33-CFE8-40D5-8522-9000106FCA2F}"
EndProject
Global
	GlobalSection(SolutionConfigurationPlatforms) = preSolution
		Debug|Any CPU = Debug|Any CPU
		Release|Any CPU = Release|Any CPU
	EndGlobalSection
	GlobalSection(ProjectConfigurationPlatforms) = postSolution
		{0AFE0CD9-F617-43E3-BB2C-05029C34B01C}.Debug|Any CPU.ActiveCfg = Debug|Any CPU
		{0AFE0CD9-F617-43E3-BB2C-05029C34B01C}.Debug|Any CPU.Build.0 = Debug|Any CPU
		{0AFE0CD9-F617-43E3-BB2C-05029C34B01C}.Debug|Any CPU.Deploy.0 = Debug|Any CPU
		{0AFE0CD9-F617-43E3-BB2C-05029C34B01C}.Release|Any CPU.ActiveCfg = Release|Any CPU
		{0AFE0CD9-F617-43E3-BB2C-05029C34B01C}.Release|Any CPU.Build.0 = Release|Any CPU
		{0AFE0CD9-F617-43E3-BB2C-05029C34B01C}.Release|Any CPU.Deploy.0 = Release|Any CPU
		{3F622727-690E-4040-B755-E54583D8778E}.Debug|Any CPU.ActiveCfg = Debug|Any CPU
		{3F622727-690E-4040-B755-E54583D8778E}.Debug|Any CPU.Build.0 = Debug|Any CPU
		{3F622727-690E-4040-B755-E54583D8778E}.Release|Any CPU.ActiveCfg = Release|Any CPU
		{3F622727-690E-4040-B755-E54583D8778E}.Release|Any CPU.Build.0 = Release|Any CPU
		{77E35F33-CFE8-40D5-8522-9000106FCA2F}.Debug|Any CPU.ActiveCfg = Debug|Any CPU
		{77E35F33-CFE8-40D5-8522-9000106FCA2F}.Debug|Any CPU.Build.0 = Debug|Any CPU
		{77E35F33-CFE8-40D5-8522-9000106FCA2F}.Release|Any CPU.ActiveCfg = Release|Any CPU
		{77E35F33-CFE8-40D5-8522-9000106FCA2F}.Release|Any CPU.Build.0 = Release|Any CPU
	EndGlobalSection
	GlobalSection(SolutionProperties) = preSolution
		HideSolutionNode = FALSE
	EndGlobalSection
	GlobalSection(ExtensibilityGlobals) = postSolution
		SolutionGuid = {5CF534DE-3A0B-4EB9-BABE-41DD9FBDEECC}
	EndGlobalSection
EndGlobal
